
Microsoft Visual Studio Solution File, Format Version 12.00
# Visual Studio 14
VisualStudioVersion = 14.0.25420.1
MinimumVisualStudioVersion = 10.0.40219.1
Project("{FAE04EC0-301F-11D3-BF4B-00C04F79EFBC}") = "BrickBreaker", "BrickBreaker\BrickBreaker.csproj", "{183F8A5F-D5F6-4A5D-90BD-106DA58E3A08}"
EndProject
Project("{FAE04EC0-301F-11D3-BF4B-00C04F79EFBC}") = "ConsoleGameUtilities", "..\Cetris\ConsoleRenderer\ConsoleGameUtilities.csproj", "{D49E776C-985E-4903-B684-7D07237BB8FA}"
EndProject
Global
	GlobalSection(SolutionConfigurationPlatforms) = preSolution
		Debug|Any CPU = Debug|Any CPU
		Release|Any CPU = Release|Any CPU
	EndGlobalSection
	GlobalSection(ProjectConfigurationPlatforms) = postSolution
		{183F8A5F-D5F6-4A5D-90BD-106DA58E3A08}.Debug|Any CPU.ActiveCfg = Debug|Any CPU
		{183F8A5F-D5F6-4A5D-90BD-106DA58E3A08}.Debug|Any CPU.Build.0 = Debug|Any CPU
		{183F8A5F-D5F6-4A5D-90BD-106DA58E3A08}.Release|Any CPU.ActiveCfg = Release|Any CPU
		{183F8A5F-D5F6-4A5D-90BD-106DA58E3A08}.Release|Any CPU.Build.0 = Release|Any CPU
		{D49E776C-985E-4903-B684-7D07237BB8FA}.Debug|Any CPU.ActiveCfg = Debug|Any CPU
		{D49E776C-985E-4903-B684-7D07237BB8FA}.Debug|Any CPU.Build.0 = Debug|Any CPU
		{D49E776C-985E-4903-B684-7D07237BB8FA}.Release|Any CPU.ActiveCfg = Release|Any CPU
		{D49E776C-985E-4903-B684-7D07237BB8FA}.Release|Any CPU.Build.0 = Release|Any CPU
	EndGlobalSection
	GlobalSection(SolutionProperties) = preSolution
		HideSolutionNode = FALSE
	EndGlobalSection
EndGlobal
